// !$*UTF8*$!
{
	archiveVersion = 1;
	classes = {
	};
	objectVersion = 56;
	objects = {

/* Begin PBXBuildFile section */
		E45B0D0F28F557C500DD56BD /* RKCOUNTRYPICKER.docc in Sources */ = {isa = PBXBuildFile; fileRef = E45B0D0E28F557C500DD56BD /* RKCOUNTRYPICKER.docc */; };
		E45B0D1528F557C500DD56BD /* RKCOUNTRYPICKER.framework in Frameworks */ = {isa = PBXBuildFile; fileRef = E45B0D0A28F557C500DD56BD /* RKCOUNTRYPICKER.framework */; };
		E45B0D1A28F557C500DD56BD /* RKCOUNTRYPICKERTests.swift in Sources */ = {isa = PBXBuildFile; fileRef = E45B0D1928F557C500DD56BD /* RKCOUNTRYPICKERTests.swift */; };
		E45B0D1B28F557C500DD56BD /* RKCOUNTRYPICKER.h in Headers */ = {isa = PBXBuildFile; fileRef = E45B0D0D28F557C500DD56BD /* RKCOUNTRYPICKER.h */; settings = {ATTRIBUTES = (Public, ); }; };
		E45B0D2B28F5592E00DD56BD /* AppDelegate.swift in Sources */ = {isa = PBXBuildFile; fileRef = E45B0D2A28F5592E00DD56BD /* AppDelegate.swift */; };
		E45B0D2D28F5592E00DD56BD /* SceneDelegate.swift in Sources */ = {isa = PBXBuildFile; fileRef = E45B0D2C28F5592E00DD56BD /* SceneDelegate.swift */; };
		E45B0D2F28F5592E00DD56BD /* ViewController.swift in Sources */ = {isa = PBXBuildFile; fileRef = E45B0D2E28F5592E00DD56BD /* ViewController.swift */; };
		E45B0D3228F5592E00DD56BD /* Main.storyboard in Resources */ = {isa = PBXBuildFile; fileRef = E45B0D3028F5592E00DD56BD /* Main.storyboard */; };
		E45B0D3428F5593000DD56BD /* Assets.xcassets in Resources */ = {isa = PBXBuildFile; fileRef = E45B0D3328F5593000DD56BD /* Assets.xcassets */; };
		E45B0D3728F5593000DD56BD /* LaunchScreen.storyboard in Resources */ = {isa = PBXBuildFile; fileRef = E45B0D3528F5593000DD56BD /* LaunchScreen.storyboard */; };
		E45B0D4728F56C1B00DD56BD /* countries.json in Resources */ = {isa = PBXBuildFile; fileRef = E45B0D3E28F56C1B00DD56BD /* countries.json */; };
		E45B0D4828F56C1B00DD56BD /* CountryPickerVM.swift in Sources */ = {isa = PBXBuildFile; fileRef = E45B0D3F28F56C1B00DD56BD /* CountryPickerVM.swift */; };
		E45B0D4928F56C1B00DD56BD /* CountryPickerModel.swift in Sources */ = {isa = PBXBuildFile; fileRef = E45B0D4128F56C1B00DD56BD /* CountryPickerModel.swift */; };
		E45B0D4A28F56C1B00DD56BD /* CountryTVC.xib in Resources */ = {isa = PBXBuildFile; fileRef = E45B0D4328F56C1B00DD56BD /* CountryTVC.xib */; };
		E45B0D4B28F56C1B00DD56BD /* CountryListManager.swift in Sources */ = {isa = PBXBuildFile; fileRef = E45B0D4428F56C1B00DD56BD /* CountryListManager.swift */; };
		E45B0D4C28F56C1B00DD56BD /* CountryTVC.swift in Sources */ = {isa = PBXBuildFile; fileRef = E45B0D4528F56C1B00DD56BD /* CountryTVC.swift */; };
		E45B0D4D28F56C1B00DD56BD /* CountryListManager.xib in Resources */ = {isa = PBXBuildFile; fileRef = E45B0D4628F56C1B00DD56BD /* CountryListManager.xib */; };
/* End PBXBuildFile section */

/* Begin PBXContainerItemProxy section */
		E45B0D1628F557C500DD56BD /* PBXContainerItemProxy */ = {
			isa = PBXContainerItemProxy;
			containerPortal = E45B0D0128F557C500DD56BD /* Project object */;
			proxyType = 1;
			remoteGlobalIDString = E45B0D0928F557C500DD56BD;
			remoteInfo = RKCOUNTRYPICKER;
		};
/* End PBXContainerItemProxy section */

/* Begin PBXFileReference section */
		E45B0D0A28F557C500DD56BD /* RKCOUNTRYPICKER.framework */ = {isa = PBXFileReference; explicitFileType = wrapper.framework; includeInIndex = 0; path = RKCOUNTRYPICKER.framework; sourceTree = BUILT_PRODUCTS_DIR; };
		E45B0D0D28F557C500DD56BD /* RKCOUNTRYPICKER.h */ = {isa = PBXFileReference; lastKnownFileType = sourcecode.c.h; path = RKCOUNTRYPICKER.h; sourceTree = "<group>"; };
		E45B0D0E28F557C500DD56BD /* RKCOUNTRYPICKER.docc */ = {isa = PBXFileReference; lastKnownFileType = folder.documentationcatalog; path = RKCOUNTRYPICKER.docc; sourceTree = "<group>"; };
		E45B0D1428F557C500DD56BD /* RKCOUNTRYPICKERTests.xctest */ = {isa = PBXFileReference; explicitFileType = wrapper.cfbundle; includeInIndex = 0; path = RKCOUNTRYPICKERTests.xctest; sourceTree = BUILT_PRODUCTS_DIR; };
		E45B0D1928F557C500DD56BD /* RKCOUNTRYPICKERTests.swift */ = {isa = PBXFileReference; lastKnownFileType = sourcecode.swift; path = RKCOUNTRYPICKERTests.swift; sourceTree = "<group>"; };
		E45B0D2828F5592E00DD56BD /* RKCOUNTRYPICKERExample.app */ = {isa = PBXFileReference; explicitFileType = wrapper.application; includeInIndex = 0; path = RKCOUNTRYPICKERExample.app; sourceTree = BUILT_PRODUCTS_DIR; };
		E45B0D2A28F5592E00DD56BD /* AppDelegate.swift */ = {isa = PBXFileReference; lastKnownFileType = sourcecode.swift; path = AppDelegate.swift; sourceTree = "<group>"; };
		E45B0D2C28F5592E00DD56BD /* SceneDelegate.swift */ = {isa = PBXFileReference; lastKnownFileType = sourcecode.swift; path = SceneDelegate.swift; sourceTree = "<group>"; };
		E45B0D2E28F5592E00DD56BD /* ViewController.swift */ = {isa = PBXFileReference; lastKnownFileType = sourcecode.swift; path = ViewController.swift; sourceTree = "<group>"; };
		E45B0D3128F5592E00DD56BD /* Base */ = {isa = PBXFileReference; lastKnownFileType = file.storyboard; name = Base; path = Base.lproj/Main.storyboard; sourceTree = "<group>"; };
		E45B0D3328F5593000DD56BD /* Assets.xcassets */ = {isa = PBXFileReference; lastKnownFileType = folder.assetcatalog; path = Assets.xcassets; sourceTree = "<group>"; };
		E45B0D3628F5593000DD56BD /* Base */ = {isa = PBXFileReference; lastKnownFileType = file.storyboard; name = Base; path = Base.lproj/LaunchScreen.storyboard; sourceTree = "<group>"; };
		E45B0D3828F5593000DD56BD /* Info.plist */ = {isa = PBXFileReference; lastKnownFileType = text.plist.xml; path = Info.plist; sourceTree = "<group>"; };
		E45B0D3E28F56C1B00DD56BD /* countries.json */ = {isa = PBXFileReference; fileEncoding = 4; lastKnownFileType = text.json; path = countries.json; sourceTree = "<group>"; };
		E45B0D3F28F56C1B00DD56BD /* CountryPickerVM.swift */ = {isa = PBXFileReference; fileEncoding = 4; lastKnownFileType = sourcecode.swift; path = CountryPickerVM.swift; sourceTree = "<group>"; };
		E45B0D4128F56C1B00DD56BD /* CountryPickerModel.swift */ = {isa = PBXFileReference; fileEncoding = 4; lastKnownFileType = sourcecode.swift; path = CountryPickerModel.swift; sourceTree = "<group>"; };
		E45B0D4328F56C1B00DD56BD /* CountryTVC.xib */ = {isa = PBXFileReference; fileEncoding = 4; lastKnownFileType = file.xib; path = CountryTVC.xib; sourceTree = "<group>"; };
		E45B0D4428F56C1B00DD56BD /* CountryListManager.swift */ = {isa = PBXFileReference; fileEncoding = 4; lastKnownFileType = sourcecode.swift; path = CountryListManager.swift; sourceTree = "<group>"; };
		E45B0D4528F56C1B00DD56BD /* CountryTVC.swift */ = {isa = PBXFileReference; fileEncoding = 4; lastKnownFileType = sourcecode.swift; path = CountryTVC.swift; sourceTree = "<group>"; };
		E45B0D4628F56C1B00DD56BD /* CountryListManager.xib */ = {isa = PBXFileReference; fileEncoding = 4; lastKnownFileType = file.xib; path = CountryListManager.xib; sourceTree = "<group>"; };
/* End PBXFileReference section */

/* Begin PBXFrameworksBuildPhase section */
		E45B0D0728F557C500DD56BD /* Frameworks */ = {
			isa = PBXFrameworksBuildPhase;
			buildActionMask = 2147483647;
			files = (
			);
			runOnlyForDeploymentPostprocessing = 0;
		};
		E45B0D1128F557C500DD56BD /* Frameworks */ = {
			isa = PBXFrameworksBuildPhase;
			buildActionMask = 2147483647;
			files = (
				E45B0D1528F557C500DD56BD /* RKCOUNTRYPICKER.framework in Frameworks */,
			);
			runOnlyForDeploymentPostprocessing = 0;
		};
		E45B0D2528F5592E00DD56BD /* Frameworks */ = {
			isa = PBXFrameworksBuildPhase;
			buildActionMask = 2147483647;
			files = (
			);
			runOnlyForDeploymentPostprocessing = 0;
		};
/* End PBXFrameworksBuildPhase section */

/* Begin PBXGroup section */
		E45B0D0028F557C500DD56BD = {
			isa = PBXGroup;
			children = (
				E45B0D0C28F557C500DD56BD /* RKCOUNTRYPICKER */,
				E45B0D1828F557C500DD56BD /* RKCOUNTRYPICKERTests */,
				E45B0D2928F5592E00DD56BD /* RKCOUNTRYPICKERExample */,
				E45B0D0B28F557C500DD56BD /* Products */,
			);
			sourceTree = "<group>";
		};
		E45B0D0B28F557C500DD56BD /* Products */ = {
			isa = PBXGroup;
			children = (
				E45B0D0A28F557C500DD56BD /* RKCOUNTRYPICKER.framework */,
				E45B0D1428F557C500DD56BD /* RKCOUNTRYPICKERTests.xctest */,
				E45B0D2828F5592E00DD56BD /* RKCOUNTRYPICKERExample.app */,
			);
			name = Products;
			sourceTree = "<group>";
		};
		E45B0D0C28F557C500DD56BD /* RKCOUNTRYPICKER */ = {
			isa = PBXGroup;
			children = (
				E45B0D3C28F56C1B00DD56BD /* CountryHelper */,
				E45B0D0D28F557C500DD56BD /* RKCOUNTRYPICKER.h */,
				E45B0D0E28F557C500DD56BD /* RKCOUNTRYPICKER.docc */,
			);
			path = RKCOUNTRYPICKER;
			sourceTree = "<group>";
		};
		E45B0D1828F557C500DD56BD /* RKCOUNTRYPICKERTests */ = {
			isa = PBXGroup;
			children = (
				E45B0D1928F557C500DD56BD /* RKCOUNTRYPICKERTests.swift */,
			);
			path = RKCOUNTRYPICKERTests;
			sourceTree = "<group>";
		};
		E45B0D2928F5592E00DD56BD /* RKCOUNTRYPICKERExample */ = {
			isa = PBXGroup;
			children = (
				E45B0D2A28F5592E00DD56BD /* AppDelegate.swift */,
				E45B0D2C28F5592E00DD56BD /* SceneDelegate.swift */,
				E45B0D2E28F5592E00DD56BD /* ViewController.swift */,
				E45B0D3028F5592E00DD56BD /* Main.storyboard */,
				E45B0D3328F5593000DD56BD /* Assets.xcassets */,
				E45B0D3528F5593000DD56BD /* LaunchScreen.storyboard */,
				E45B0D3828F5593000DD56BD /* Info.plist */,
			);
			path = RKCOUNTRYPICKERExample;
			sourceTree = "<group>";
		};
		E45B0D3C28F56C1B00DD56BD /* CountryHelper */ = {
			isa = PBXGroup;
			children = (
				E45B0D3D28F56C1B00DD56BD /* ViewModel */,
				E45B0D4028F56C1B00DD56BD /* Model */,
				E45B0D4228F56C1B00DD56BD /* View */,
			);
			path = CountryHelper;
			sourceTree = "<group>";
		};
		E45B0D3D28F56C1B00DD56BD /* ViewModel */ = {
			isa = PBXGroup;
			children = (
				E45B0D3E28F56C1B00DD56BD /* countries.json */,
				E45B0D3F28F56C1B00DD56BD /* CountryPickerVM.swift */,
			);
			path = ViewModel;
			sourceTree = "<group>";
		};
		E45B0D4028F56C1B00DD56BD /* Model */ = {
			isa = PBXGroup;
			children = (
				E45B0D4128F56C1B00DD56BD /* CountryPickerModel.swift */,
			);
			path = Model;
			sourceTree = "<group>";
		};
		E45B0D4228F56C1B00DD56BD /* View */ = {
			isa = PBXGroup;
			children = (
				E45B0D4328F56C1B00DD56BD /* CountryTVC.xib */,
				E45B0D4428F56C1B00DD56BD /* CountryListManager.swift */,
				E45B0D4528F56C1B00DD56BD /* CountryTVC.swift */,
				E45B0D4628F56C1B00DD56BD /* CountryListManager.xib */,
			);
			path = View;
			sourceTree = "<group>";
		};
/* End PBXGroup section */

/* Begin PBXHeadersBuildPhase section */
		E45B0D0528F557C500DD56BD /* Headers */ = {
			isa = PBXHeadersBuildPhase;
			buildActionMask = 2147483647;
			files = (
				E45B0D1B28F557C500DD56BD /* RKCOUNTRYPICKER.h in Headers */,
			);
			runOnlyForDeploymentPostprocessing = 0;
		};
/* End PBXHeadersBuildPhase section */

/* Begin PBXNativeTarget section */
		E45B0D0928F557C500DD56BD /* RKCOUNTRYPICKER */ = {
			isa = PBXNativeTarget;
			buildConfigurationList = E45B0D1E28F557C500DD56BD /* Build configuration list for PBXNativeTarget "RKCOUNTRYPICKER" */;
			buildPhases = (
				E45B0D0528F557C500DD56BD /* Headers */,
				E45B0D0628F557C500DD56BD /* Sources */,
				E45B0D0728F557C500DD56BD /* Frameworks */,
				E45B0D0828F557C500DD56BD /* Resources */,
			);
			buildRules = (
			);
			dependencies = (
			);
			name = RKCOUNTRYPICKER;
			productName = RKCOUNTRYPICKER;
			productReference = E45B0D0A28F557C500DD56BD /* RKCOUNTRYPICKER.framework */;
			productType = "com.apple.product-type.framework";
		};
		E45B0D1328F557C500DD56BD /* RKCOUNTRYPICKERTests */ = {
			isa = PBXNativeTarget;
			buildConfigurationList = E45B0D2128F557C500DD56BD /* Build configuration list for PBXNativeTarget "RKCOUNTRYPICKERTests" */;
			buildPhases = (
				E45B0D1028F557C500DD56BD /* Sources */,
				E45B0D1128F557C500DD56BD /* Frameworks */,
				E45B0D1228F557C500DD56BD /* Resources */,
			);
			buildRules = (
			);
			dependencies = (
				E45B0D1728F557C500DD56BD /* PBXTargetDependency */,
			);
			name = RKCOUNTRYPICKERTests;
			productName = RKCOUNTRYPICKERTests;
			productReference = E45B0D1428F557C500DD56BD /* RKCOUNTRYPICKERTests.xctest */;
			productType = "com.apple.product-type.bundle.unit-test";
		};
		E45B0D2728F5592E00DD56BD /* RKCOUNTRYPICKERExample */ = {
			isa = PBXNativeTarget;
			buildConfigurationList = E45B0D3928F5593000DD56BD /* Build configuration list for PBXNativeTarget "RKCOUNTRYPICKERExample" */;
			buildPhases = (
				E45B0D2428F5592E00DD56BD /* Sources */,
				E45B0D2528F5592E00DD56BD /* Frameworks */,
				E45B0D2628F5592E00DD56BD /* Resources */,
			);
			buildRules = (
			);
			dependencies = (
			);
			name = RKCOUNTRYPICKERExample;
			productName = RKCOUNTRYPICKERExample;
			productReference = E45B0D2828F5592E00DD56BD /* RKCOUNTRYPICKERExample.app */;
			productType = "com.apple.product-type.application";
		};
/* End PBXNativeTarget section */

/* Begin PBXProject section */
		E45B0D0128F557C500DD56BD /* Project object */ = {
			isa = PBXProject;
			attributes = {
				BuildIndependentTargetsInParallel = 1;
				LastSwiftUpdateCheck = 1400;
				LastUpgradeCheck = 1400;
				TargetAttributes = {
					E45B0D0928F557C500DD56BD = {
						CreatedOnToolsVersion = 14.0;
					};
					E45B0D1328F557C500DD56BD = {
						CreatedOnToolsVersion = 14.0;
					};
					E45B0D2728F5592E00DD56BD = {
						CreatedOnToolsVersion = 14.0;
					};
				};
			};
			buildConfigurationList = E45B0D0428F557C500DD56BD /* Build configuration list for PBXProject "RKCOUNTRYPICKER" */;
			compatibilityVersion = "Xcode 14.0";
			developmentRegion = en;
			hasScannedForEncodings = 0;
			knownRegions = (
				en,
				Base,
			);
			mainGroup = E45B0D0028F557C500DD56BD;
			productRefGroup = E45B0D0B28F557C500DD56BD /* Products */;
			projectDirPath = "";
			projectRoot = "";
			targets = (
				E45B0D0928F557C500DD56BD /* RKCOUNTRYPICKER */,
				E45B0D1328F557C500DD56BD /* RKCOUNTRYPICKERTests */,
				E45B0D2728F5592E00DD56BD /* RKCOUNTRYPICKERExample */,
			);
		};
/* End PBXProject section */

/* Begin PBXResourcesBuildPhase section */
		E45B0D0828F557C500DD56BD /* Resources */ = {
			isa = PBXResourcesBuildPhase;
			buildActionMask = 2147483647;
			files = (
				E45B0D4D28F56C1B00DD56BD /* CountryListManager.xib in Resources */,
				E45B0D4A28F56C1B00DD56BD /* CountryTVC.xib in Resources */,
				E45B0D4728F56C1B00DD56BD /* countries.json in Resources */,
			);
			runOnlyForDeploymentPostprocessing = 0;
		};
		E45B0D1228F557C500DD56BD /* Resources */ = {
			isa = PBXResourcesBuildPhase;
			buildActionMask = 2147483647;
			files = (
			);
			runOnlyForDeploymentPostprocessing = 0;
		};
		E45B0D2628F5592E00DD56BD /* Resources */ = {
			isa = PBXResourcesBuildPhase;
			buildActionMask = 2147483647;
			files = (
				E45B0D3728F5593000DD56BD /* LaunchScreen.storyboard in Resources */,
				E45B0D3428F5593000DD56BD /* Assets.xcassets in Resources */,
				E45B0D3228F5592E00DD56BD /* Main.storyboard in Resources */,
			);
			runOnlyForDeploymentPostprocessing = 0;
		};
/* End PBXResourcesBuildPhase section */

/* Begin PBXSourcesBuildPhase section */
		E45B0D0628F557C500DD56BD /* Sources */ = {
			isa = PBXSourcesBuildPhase;
			buildActionMask = 2147483647;
			files = (
				E45B0D4928F56C1B00DD56BD /* CountryPickerModel.swift in Sources */,
				E45B0D4C28F56C1B00DD56BD /* CountryTVC.swift in Sources */,
				E45B0D0F28F557C500DD56BD /* RKCOUNTRYPICKER.docc in Sources */,
				E45B0D4B28F56C1B00DD56BD /* CountryListManager.swift in Sources */,
				E45B0D4828F56C1B00DD56BD /* CountryPickerVM.swift in Sources */,
			);
			runOnlyForDeploymentPostprocessing = 0;
		};
		E45B0D1028F557C500DD56BD /* Sources */ = {
			isa = PBXSourcesBuildPhase;
			buildActionMask = 2147483647;
			files = (
				E45B0D1A28F557C500DD56BD /* RKCOUNTRYPICKERTests.swift in Sources */,
			);
			runOnlyForDeploymentPostprocessing = 0;
		};
		E45B0D2428F5592E00DD56BD /* Sources */ = {
			isa = PBXSourcesBuildPhase;
			buildActionMask = 2147483647;
			files = (
				E45B0D2F28F5592E00DD56BD /* ViewController.swift in Sources */,
				E45B0D2B28F5592E00DD56BD /* AppDelegate.swift in Sources */,
				E45B0D2D28F5592E00DD56BD /* SceneDelegate.swift in Sources */,
			);
			runOnlyForDeploymentPostprocessing = 0;
		};
/* End PBXSourcesBuildPhase section */

/* Begin PBXTargetDependency section */
		E45B0D1728F557C500DD56BD /* PBXTargetDependency */ = {
			isa = PBXTargetDependency;
			target = E45B0D0928F557C500DD56BD /* RKCOUNTRYPICKER */;
			targetProxy = E45B0D1628F557C500DD56BD /* PBXContainerItemProxy */;
		};
/* End PBXTargetDependency section */

/* Begin PBXVariantGroup section */
		E45B0D3028F5592E00DD56BD /* Main.storyboard */ = {
			isa = PBXVariantGroup;
			children = (
				E45B0D3128F5592E00DD56BD /* Base */,
			);
			name = Main.storyboard;
			sourceTree = "<group>";
		};
		E45B0D3528F5593000DD56BD /* LaunchScreen.storyboard */ = {
			isa = PBXVariantGroup;
			children = (
				E45B0D3628F5593000DD56BD /* Base */,
			);
			name = LaunchScreen.storyboard;
			sourceTree = "<group>";
		};
/* End PBXVariantGroup section */

/* Begin XCBuildConfiguration section */
		E45B0D1C28F557C500DD56BD /* Debug */ = {
			isa = XCBuildConfiguration;
			buildSettings = {
				ALWAYS_SEARCH_USER_PATHS = NO;
				CLANG_ANALYZER_NONNULL = YES;
				CLANG_ANALYZER_NUMBER_OBJECT_CONVERSION = YES_AGGRESSIVE;
				CLANG_CXX_LANGUAGE_STANDARD = "gnu++20";
				CLANG_ENABLE_MODULES = YES;
				CLANG_ENABLE_OBJC_ARC = YES;
				CLANG_ENABLE_OBJC_WEAK = YES;
				CLANG_WARN_BLOCK_CAPTURE_AUTORELEASING = YES;
				CLANG_WARN_BOOL_CONVERSION = YES;
				CLANG_WARN_COMMA = YES;
				CLANG_WARN_CONSTANT_CONVERSION = YES;
				CLANG_WARN_DEPRECATED_OBJC_IMPLEMENTATIONS = YES;
				CLANG_WARN_DIRECT_OBJC_ISA_USAGE = YES_ERROR;
				CLANG_WARN_DOCUMENTATION_COMMENTS = YES;
				CLANG_WARN_EMPTY_BODY = YES;
				CLANG_WARN_ENUM_CONVERSION = YES;
				CLANG_WARN_INFINITE_RECURSION = YES;
				CLANG_WARN_INT_CONVERSION = YES;
				CLANG_WARN_NON_LITERAL_NULL_CONVERSION = YES;
				CLANG_WARN_OBJC_IMPLICIT_RETAIN_SELF = YES;
				CLANG_WARN_OBJC_LITERAL_CONVERSION = YES;
				CLANG_WARN_OBJC_ROOT_CLASS = YES_ERROR;
				CLANG_WARN_QUOTED_INCLUDE_IN_FRAMEWORK_HEADER = YES;
				CLANG_WARN_RANGE_LOOP_ANALYSIS = YES;
				CLANG_WARN_STRICT_PROTOTYPES = YES;
				CLANG_WARN_SUSPICIOUS_MOVE = YES;
				CLANG_WARN_UNGUARDED_AVAILABILITY = YES_AGGRESSIVE;
				CLANG_WARN_UNREACHABLE_CODE = YES;
				CLANG_WARN__DUPLICATE_METHOD_MATCH = YES;
				COPY_PHASE_STRIP = NO;
				CURRENT_PROJECT_VERSION = 1;
				DEBUG_INFORMATION_FORMAT = dwarf;
				ENABLE_STRICT_OBJC_MSGSEND = YES;
				ENABLE_TESTABILITY = YES;
				GCC_C_LANGUAGE_STANDARD = gnu11;
				GCC_DYNAMIC_NO_PIC = NO;
				GCC_NO_COMMON_BLOCKS = YES;
				GCC_OPTIMIZATION_LEVEL = 0;
				GCC_PREPROCESSOR_DEFINITIONS = (
					"DEBUG=1",
					"$(inherited)",
				);
				GCC_WARN_64_TO_32_BIT_CONVERSION = YES;
				GCC_WARN_ABOUT_RETURN_TYPE = YES_ERROR;
				GCC_WARN_UNDECLARED_SELECTOR = YES;
				GCC_WARN_UNINITIALIZED_AUTOS = YES_AGGRESSIVE;
				GCC_WARN_UNUSED_FUNCTION = YES;
				GCC_WARN_UNUSED_VARIABLE = YES;
				IPHONEOS_DEPLOYMENT_TARGET = 16.0;
				MTL_ENABLE_DEBUG_INFO = INCLUDE_SOURCE;
				MTL_FAST_MATH = YES;
				ONLY_ACTIVE_ARCH = YES;
				SDKROOT = iphoneos;
				SWIFT_ACTIVE_COMPILATION_CONDITIONS = DEBUG;
				SWIFT_OPTIMIZATION_LEVEL = "-Onone";
				VERSIONING_SYSTEM = "apple-generic";
				VERSION_INFO_PREFIX = "";
			};
			name = Debug;
		};
		E45B0D1D28F557C500DD56BD /* Release */ = {
			isa = XCBuildConfiguration;
			buildSettings = {
				ALWAYS_SEARCH_USER_PATHS = NO;
				CLANG_ANALYZER_NONNULL = YES;
				CLANG_ANALYZER_NUMBER_OBJECT_CONVERSION = YES_AGGRESSIVE;
				CLANG_CXX_LANGUAGE_STANDARD = "gnu++20";
				CLANG_ENABLE_MODULES = YES;
				CLANG_ENABLE_OBJC_ARC = YES;
				CLANG_ENABLE_OBJC_WEAK = YES;
				CLANG_WARN_BLOCK_CAPTURE_AUTORELEASING = YES;
				CLANG_WARN_BOOL_CONVERSION = YES;
				CLANG_WARN_COMMA = YES;
				CLANG_WARN_CONSTANT_CONVERSION = YES;
				CLANG_WARN_DEPRECATED_OBJC_IMPLEMENTATIONS = YES;
				CLANG_WARN_DIRECT_OBJC_ISA_USAGE = YES_ERROR;
				CLANG_WARN_DOCUMENTATION_COMMENTS = YES;
				CLANG_WARN_EMPTY_BODY = YES;
				CLANG_WARN_ENUM_CONVERSION = YES;
				CLANG_WARN_INFINITE_RECURSION = YES;
				CLANG_WARN_INT_CONVERSION = YES;
				CLANG_WARN_NON_LITERAL_NULL_CONVERSION = YES;
				CLANG_WARN_OBJC_IMPLICIT_RETAIN_SELF = YES;
				CLANG_WARN_OBJC_LITERAL_CONVERSION = YES;
				CLANG_WARN_OBJC_ROOT_CLASS = YES_ERROR;
				CLANG_WARN_QUOTED_INCLUDE_IN_FRAMEWORK_HEADER = YES;
				CLANG_WARN_RANGE_LOOP_ANALYSIS = YES;
				CLANG_WARN_STRICT_PROTOTYPES = YES;
				CLANG_WARN_SUSPICIOUS_MOVE = YES;
				CLANG_WARN_UNGUARDED_AVAILABILITY = YES_AGGRESSIVE;
				CLANG_WARN_UNREACHABLE_CODE = YES;
				CLANG_WARN__DUPLICATE_METHOD_MATCH = YES;
				COPY_PHASE_STRIP = NO;
				CURRENT_PROJECT_VERSION = 1;
				DEBUG_INFORMATION_FORMAT = "dwarf-with-dsym";
				ENABLE_NS_ASSERTIONS = NO;
				ENABLE_STRICT_OBJC_MSGSEND = YES;
				GCC_C_LANGUAGE_STANDARD = gnu11;
				GCC_NO_COMMON_BLOCKS = YES;
				GCC_WARN_64_TO_32_BIT_CONVERSION = YES;
				GCC_WARN_ABOUT_RETURN_TYPE = YES_ERROR;
				GCC_WARN_UNDECLARED_SELECTOR = YES;
				GCC_WARN_UNINITIALIZED_AUTOS = YES_AGGRESSIVE;
				GCC_WARN_UNUSED_FUNCTION = YES;
				GCC_WARN_UNUSED_VARIABLE = YES;
				IPHONEOS_DEPLOYMENT_TARGET = 16.0;
				MTL_ENABLE_DEBUG_INFO = NO;
				MTL_FAST_MATH = YES;
				SDKROOT = iphoneos;
				SWIFT_COMPILATION_MODE = wholemodule;
				SWIFT_OPTIMIZATION_LEVEL = "-O";
				VALIDATE_PRODUCT = YES;
				VERSIONING_SYSTEM = "apple-generic";
				VERSION_INFO_PREFIX = "";
			};
			name = Release;
		};
		E45B0D1F28F557C500DD56BD /* Debug */ = {
			isa = XCBuildConfiguration;
			buildSettings = {
				CODE_SIGN_STYLE = Automatic;
				CURRENT_PROJECT_VERSION = 1;
				DEFINES_MODULE = YES;
				DYLIB_COMPATIBILITY_VERSION = 1;
				DYLIB_CURRENT_VERSION = 1;
				DYLIB_INSTALL_NAME_BASE = "@rpath";
				GENERATE_INFOPLIST_FILE = YES;
				INFOPLIST_KEY_NSHumanReadableCopyright = "";
				INSTALL_PATH = "$(LOCAL_LIBRARY_DIR)/Frameworks";
				LD_RUNPATH_SEARCH_PATHS = (
					"$(inherited)",
					"@executable_path/Frameworks",
					"@loader_path/Frameworks",
				);
				MARKETING_VERSION = 1.0;
				PRODUCT_BUNDLE_IDENTIFIER = com.DemoAppForCheck.RKCOUNTRYPICKER;
				PRODUCT_NAME = "$(TARGET_NAME:c99extidentifier)";
				SKIP_INSTALL = YES;
				SWIFT_EMIT_LOC_STRINGS = YES;
				SWIFT_VERSION = 5.0;
				TARGETED_DEVICE_FAMILY = "1,2";
			};
			name = Debug;
		};
		E45B0D2028F557C500DD56BD /* Release */ = {
			isa = XCBuildConfiguration;
			buildSettings = {
				CODE_SIGN_STYLE = Automatic;
				CURRENT_PROJECT_VERSION = 1;
				DEFINES_MODULE = YES;
				DYLIB_COMPATIBILITY_VERSION = 1;
				DYLIB_CURRENT_VERSION = 1;
				DYLIB_INSTALL_NAME_BASE = "@rpath";
				GENERATE_INFOPLIST_FILE = YES;
				INFOPLIST_KEY_NSHumanReadableCopyright = "";
				INSTALL_PATH = "$(LOCAL_LIBRARY_DIR)/Frameworks";
				LD_RUNPATH_SEARCH_PATHS = (
					"$(inherited)",
					"@executable_path/Frameworks",
					"@loader_path/Frameworks",
				);
				MARKETING_VERSION = 1.0;
				PRODUCT_BUNDLE_IDENTIFIER = com.DemoAppForCheck.RKCOUNTRYPICKER;
				PRODUCT_NAME = "$(TARGET_NAME:c99extidentifier)";
				SKIP_INSTALL = YES;
				SWIFT_EMIT_LOC_STRINGS = YES;
				SWIFT_VERSION = 5.0;
				TARGETED_DEVICE_FAMILY = "1,2";
			};
			name = Release;
		};
		E45B0D2228F557C500DD56BD /* Debug */ = {
			isa = XCBuildConfiguration;
			buildSettings = {
				ALWAYS_EMBED_SWIFT_STANDARD_LIBRARIES = YES;
				CODE_SIGN_STYLE = Automatic;
				CURRENT_PROJECT_VERSION = 1;
				GENERATE_INFOPLIST_FILE = YES;
				MARKETING_VERSION = 1.0;
				PRODUCT_BUNDLE_IDENTIFIER = com.DemoAppForCheck.RKCOUNTRYPICKERTests;
				PRODUCT_NAME = "$(TARGET_NAME)";
				SWIFT_EMIT_LOC_STRINGS = NO;
				SWIFT_VERSION = 5.0;
				TARGETED_DEVICE_FAMILY = "1,2";
			};
			name = Debug;
		};
		E45B0D2328F557C500DD56BD /* Release */ = {
			isa = XCBuildConfiguration;
			buildSettings = {
				ALWAYS_EMBED_SWIFT_STANDARD_LIBRARIES = YES;
				CODE_SIGN_STYLE = Automatic;
				CURRENT_PROJECT_VERSION = 1;
				GENERATE_INFOPLIST_FILE = YES;
				MARKETING_VERSION = 1.0;
				PRODUCT_BUNDLE_IDENTIFIER = com.DemoAppForCheck.RKCOUNTRYPICKERTests;
				PRODUCT_NAME = "$(TARGET_NAME)";
				SWIFT_EMIT_LOC_STRINGS = NO;
				SWIFT_VERSION = 5.0;
				TARGETED_DEVICE_FAMILY = "1,2";
			};
			name = Release;
		};
		E45B0D3A28F5593000DD56BD /* Debug */ = {
			isa = XCBuildConfiguration;
			buildSettings = {
				ASSETCATALOG_COMPILER_APPICON_NAME = AppIcon;
				ASSETCATALOG_COMPILER_GLOBAL_ACCENT_COLOR_NAME = AccentColor;
				CODE_SIGN_STYLE = Automatic;
				CURRENT_PROJECT_VERSION = 1;
				GENERATE_INFOPLIST_FILE = YES;
				INFOPLIST_FILE = RKCOUNTRYPICKERExample/Info.plist;
				INFOPLIST_KEY_UIApplicationSupportsIndirectInputEvents = YES;
				INFOPLIST_KEY_UILaunchStoryboardName = LaunchScreen;
				INFOPLIST_KEY_UIMainStoryboardFile = Main;
				INFOPLIST_KEY_UISupportedInterfaceOrientations_iPad = "UIInterfaceOrientationPortrait UIInterfaceOrientationPortraitUpsideDown UIInterfaceOrientationLandscapeLeft UIInterfaceOrientationLandscapeRight";
				INFOPLIST_KEY_UISupportedInterfaceOrientations_iPhone = "UIInterfaceOrientationPortrait UIInterfaceOrientationLandscapeLeft UIInterfaceOrientationLandscapeRight";
				LD_RUNPATH_SEARCH_PATHS = (
					"$(inherited)",
					"@executable_path/Frameworks",
				);
				MARKETING_VERSION = 1.0;
				PRODUCT_BUNDLE_IDENTIFIER = com.DemoAppForCheck.RKCOUNTRYPICKERExample;
				PRODUCT_NAME = "$(TARGET_NAME)";
				SWIFT_EMIT_LOC_STRINGS = YES;
				SWIFT_VERSION = 5.0;
				TARGETED_DEVICE_FAMILY = "1,2";
			};
			name = Debug;
		};
		E45B0D3B28F5593000DD56BD /* Release */ = {
			isa = XCBuildConfiguration;
			buildSettings = {
				ASSETCATALOG_COMPILER_APPICON_NAME = AppIcon;
				ASSETCATALOG_COMPILER_GLOBAL_ACCENT_COLOR_NAME = AccentColor;
				CODE_SIGN_STYLE = Automatic;
				CURRENT_PROJECT_VERSION = 1;
				GENERATE_INFOPLIST_FILE = YES;
				INFOPLIST_FILE = RKCOUNTRYPICKERExample/Info.plist;
				INFOPLIST_KEY_UIApplicationSupportsIndirectInputEvents = YES;
				INFOPLIST_KEY_UILaunchStoryboardName = LaunchScreen;
				INFOPLIST_KEY_UIMainStoryboardFile = Main;
				INFOPLIST_KEY_UISupportedInterfaceOrientations_iPad = "UIInterfaceOrientationPortrait UIInterfaceOrientationPortraitUpsideDown UIInterfaceOrientationLandscapeLeft UIInterfaceOrientationLandscapeRight";
				INFOPLIST_KEY_UISupportedInterfaceOrientations_iPhone = "UIInterfaceOrientationPortrait UIInterfaceOrientationLandscapeLeft UIInterfaceOrientationLandscapeRight";
				LD_RUNPATH_SEARCH_PATHS = (
					"$(inherited)",
					"@executable_path/Frameworks",
				);
				MARKETING_VERSION = 1.0;
				PRODUCT_BUNDLE_IDENTIFIER = com.DemoAppForCheck.RKCOUNTRYPICKERExample;
				PRODUCT_NAME = "$(TARGET_NAME)";
				SWIFT_EMIT_LOC_STRINGS = YES;
				SWIFT_VERSION = 5.0;
				TARGETED_DEVICE_FAMILY = "1,2";
			};
			name = Release;
		};
/* End XCBuildConfiguration section */

/* Begin XCConfigurationList section */
		E45B0D0428F557C500DD56BD /* Build configuration list for PBXProject "RKCOUNTRYPICKER" */ = {
			isa = XCConfigurationList;
			buildConfigurations = (
				E45B0D1C28F557C500DD56BD /* Debug */,
				E45B0D1D28F557C500DD56BD /* Release */,
			);
			defaultConfigurationIsVisible = 0;
			defaultConfigurationName = Release;
		};
		E45B0D1E28F557C500DD56BD /* Build configuration list for PBXNativeTarget "RKCOUNTRYPICKER" */ = {
			isa = XCConfigurationList;
			buildConfigurations = (
				E45B0D1F28F557C500DD56BD /* Debug */,
				E45B0D2028F557C500DD56BD /* Release */,
			);
			defaultConfigurationIsVisible = 0;
			defaultConfigurationName = Release;
		};
		E45B0D2128F557C500DD56BD /* Build configuration list for PBXNativeTarget "RKCOUNTRYPICKERTests" */ = {
			isa = XCConfigurationList;
			buildConfigurations = (
				E45B0D2228F557C500DD56BD /* Debug */,
				E45B0D2328F557C500DD56BD /* Release */,
			);
			defaultConfigurationIsVisible = 0;
			defaultConfigurationName = Release;
		};
		E45B0D3928F5593000DD56BD /* Build configuration list for PBXNativeTarget "RKCOUNTRYPICKERExample" */ = {
			isa = XCConfigurationList;
			buildConfigurations = (
				E45B0D3A28F5593000DD56BD /* Debug */,
				E45B0D3B28F5593000DD56BD /* Release */,
			);
			defaultConfigurationIsVisible = 0;
			defaultConfigurationName = Release;
		};
/* End XCConfigurationList section */
	};
	rootObject = E45B0D0128F557C500DD56BD /* Project object */;
}
